// !$*UTF8*$!
{
	archiveVersion = 1;
	classes = {
	};
	objectVersion = 46;
	objects = {

/* Begin PBXBuildFile section */
		29296B921B7B00FA00173453 /* SettingsTableViewController.swift in Sources */ = {isa = PBXBuildFile; fileRef = 29296B911B7B00FA00173453 /* SettingsTableViewController.swift */; };
		297329D61AD06911003FCE03 /* AppDelegate.swift in Sources */ = {isa = PBXBuildFile; fileRef = 297329D51AD06911003FCE03 /* AppDelegate.swift */; };
		297329D81AD06911003FCE03 /* ViewController.swift in Sources */ = {isa = PBXBuildFile; fileRef = 297329D71AD06911003FCE03 /* ViewController.swift */; };
		297329DB1AD06911003FCE03 /* Main.storyboard in Resources */ = {isa = PBXBuildFile; fileRef = 297329D91AD06911003FCE03 /* Main.storyboard */; };
		297329DD1AD06911003FCE03 /* Images.xcassets in Resources */ = {isa = PBXBuildFile; fileRef = 297329DC1AD06911003FCE03 /* Images.xcassets */; };
		297329E01AD06911003FCE03 /* LaunchScreen.xib in Resources */ = {isa = PBXBuildFile; fileRef = 297329DE1AD06911003FCE03 /* LaunchScreen.xib */; };
		297329EC1AD06911003FCE03 /* tipcalculator_swiftTests.swift in Sources */ = {isa = PBXBuildFile; fileRef = 297329EB1AD06911003FCE03 /* tipcalculator_swiftTests.swift */; };
		29B36F4D1AD11E1000166CB0 /* UserViewController.swift in Sources */ = {isa = PBXBuildFile; fileRef = 29B36F4C1AD11E1000166CB0 /* UserViewController.swift */; };
/* End PBXBuildFile section */

/* Begin PBXContainerItemProxy section */
		297329E61AD06911003FCE03 /* PBXContainerItemProxy */ = {
			isa = PBXContainerItemProxy;
			containerPortal = 297329C81AD06911003FCE03 /* Project object */;
			proxyType = 1;
			remoteGlobalIDString = 297329CF1AD06911003FCE03;
			remoteInfo = "tipcalculator-swift";
		};
/* End PBXContainerItemProxy section */

/* Begin PBXFileReference section */
		29296B911B7B00FA00173453 /* SettingsTableViewController.swift */ = {isa = PBXFileReference; fileEncoding = 4; lastKnownFileType = sourcecode.swift; name = SettingsTableViewController.swift; path = ../SettingsTableViewController.swift; sourceTree = "<group>"; };
		297329D01AD06911003FCE03 /* tipcalculator-swift.app */ = {isa = PBXFileReference; explicitFileType = wrapper.application; includeInIndex = 0; path = "tipcalculator-swift.app"; sourceTree = BUILT_PRODUCTS_DIR; };
		297329D41AD06911003FCE03 /* Info.plist */ = {isa = PBXFileReference; lastKnownFileType = text.plist.xml; path = Info.plist; sourceTree = "<group>"; };
		297329D51AD06911003FCE03 /* AppDelegate.swift */ = {isa = PBXFileReference; lastKnownFileType = sourcecode.swift; path = AppDelegate.swift; sourceTree = "<group>"; };
		297329D71AD06911003FCE03 /* ViewController.swift */ = {isa = PBXFileReference; lastKnownFileType = sourcecode.swift; path = ViewController.swift; sourceTree = "<group>"; };
		297329DA1AD06911003FCE03 /* Base */ = {isa = PBXFileReference; lastKnownFileType = file.storyboard; name = Base; path = Base.lproj/Main.storyboard; sourceTree = "<group>"; };
		297329DC1AD06911003FCE03 /* Images.xcassets */ = {isa = PBXFileReference; lastKnownFileType = folder.assetcatalog; path = Images.xcassets; sourceTree = "<group>"; };
		297329DF1AD06911003FCE03 /* Base */ = {isa = PBXFileReference; lastKnownFileType = file.xib; name = Base; path = Base.lproj/LaunchScreen.xib; sourceTree = "<group>"; };
		297329E51AD06911003FCE03 /* tipcalculator-swiftTests.xctest */ = {isa = PBXFileReference; explicitFileType = wrapper.cfbundle; includeInIndex = 0; path = "tipcalculator-swiftTests.xctest"; sourceTree = BUILT_PRODUCTS_DIR; };
		297329EA1AD06911003FCE03 /* Info.plist */ = {isa = PBXFileReference; lastKnownFileType = text.plist.xml; path = Info.plist; sourceTree = "<group>"; };
		297329EB1AD06911003FCE03 /* tipcalculator_swiftTests.swift */ = {isa = PBXFileReference; lastKnownFileType = sourcecode.swift; path = tipcalculator_swiftTests.swift; sourceTree = "<group>"; };
		29B36F4C1AD11E1000166CB0 /* UserViewController.swift */ = {isa = PBXFileReference; fileEncoding = 4; lastKnownFileType = sourcecode.swift; path = UserViewController.swift; sourceTree = "<group>"; };
/* End PBXFileReference section */

/* Begin PBXFrameworksBuildPhase section */
		297329CD1AD06911003FCE03 /* Frameworks */ = {
			isa = PBXFrameworksBuildPhase;
			buildActionMask = 2147483647;
			files = (
			);
			runOnlyForDeploymentPostprocessing = 0;
		};
		297329E21AD06911003FCE03 /* Frameworks */ = {
			isa = PBXFrameworksBuildPhase;
			buildActionMask = 2147483647;
			files = (
			);
			runOnlyForDeploymentPostprocessing = 0;
		};
/* End PBXFrameworksBuildPhase section */

/* Begin PBXGroup section */
		297329C71AD06910003FCE03 = {
			isa = PBXGroup;
			children = (
				297329D21AD06911003FCE03 /* tipcalculator-swift */,
				297329E81AD06911003FCE03 /* tipcalculator-swiftTests */,
				297329D11AD06911003FCE03 /* Products */,
			);
			sourceTree = "<group>";
		};
		297329D11AD06911003FCE03 /* Products */ = {
			isa = PBXGroup;
			children = (
				297329D01AD06911003FCE03 /* tipcalculator-swift.app */,
				297329E51AD06911003FCE03 /* tipcalculator-swiftTests.xctest */,
			);
			name = Products;
			sourceTree = "<group>";
		};
		297329D21AD06911003FCE03 /* tipcalculator-swift */ = {
			isa = PBXGroup;
			children = (
				297329D51AD06911003FCE03 /* AppDelegate.swift */,
				297329D71AD06911003FCE03 /* ViewController.swift */,
				297329D91AD06911003FCE03 /* Main.storyboard */,
				29B36F4C1AD11E1000166CB0 /* UserViewController.swift */,
				29296B911B7B00FA00173453 /* SettingsTableViewController.swift */,
				297329DC1AD06911003FCE03 /* Images.xcassets */,
				297329DE1AD06911003FCE03 /* LaunchScreen.xib */,
				297329D31AD06911003FCE03 /* Supporting Files */,
			);
			path = "tipcalculator-swift";
			sourceTree = "<group>";
		};
		297329D31AD06911003FCE03 /* Supporting Files */ = {
			isa = PBXGroup;
			children = (
				297329D41AD06911003FCE03 /* Info.plist */,
			);
			name = "Supporting Files";
			sourceTree = "<group>";
		};
		297329E81AD06911003FCE03 /* tipcalculator-swiftTests */ = {
			isa = PBXGroup;
			children = (
				297329EB1AD06911003FCE03 /* tipcalculator_swiftTests.swift */,
				297329E91AD06911003FCE03 /* Supporting Files */,
			);
			path = "tipcalculator-swiftTests";
			sourceTree = "<group>";
		};
		297329E91AD06911003FCE03 /* Supporting Files */ = {
			isa = PBXGroup;
			children = (
				297329EA1AD06911003FCE03 /* Info.plist */,
			);
			name = "Supporting Files";
			sourceTree = "<group>";
		};
/* End PBXGroup section */

/* Begin PBXNativeTarget section */
		297329CF1AD06911003FCE03 /* tipcalculator-swift */ = {
			isa = PBXNativeTarget;
			buildConfigurationList = 297329EF1AD06911003FCE03 /* Build configuration list for PBXNativeTarget "tipcalculator-swift" */;
			buildPhases = (
				297329CC1AD06911003FCE03 /* Sources */,
				297329CD1AD06911003FCE03 /* Frameworks */,
				297329CE1AD06911003FCE03 /* Resources */,
			);
			buildRules = (
			);
			dependencies = (
			);
			name = "tipcalculator-swift";
			productName = "tipcalculator-swift";
			productReference = 297329D01AD06911003FCE03 /* tipcalculator-swift.app */;
			productType = "com.apple.product-type.application";
		};
		297329E41AD06911003FCE03 /* tipcalculator-swiftTests */ = {
			isa = PBXNativeTarget;
			buildConfigurationList = 297329F21AD06911003FCE03 /* Build configuration list for PBXNativeTarget "tipcalculator-swiftTests" */;
			buildPhases = (
				297329E11AD06911003FCE03 /* Sources */,
				297329E21AD06911003FCE03 /* Frameworks */,
				297329E31AD06911003FCE03 /* Resources */,
			);
			buildRules = (
			);
			dependencies = (
				297329E71AD06911003FCE03 /* PBXTargetDependency */,
			);
			name = "tipcalculator-swiftTests";
			productName = "tipcalculator-swiftTests";
			productReference = 297329E51AD06911003FCE03 /* tipcalculator-swiftTests.xctest */;
			productType = "com.apple.product-type.bundle.unit-test";
		};
/* End PBXNativeTarget section */

/* Begin PBXProject section */
		297329C81AD06911003FCE03 /* Project object */ = {
			isa = PBXProject;
			attributes = {
				LastUpgradeCheck = 0610;
				ORGANIZATIONNAME = "Darlene Wong";
				TargetAttributes = {
					297329CF1AD06911003FCE03 = {
						CreatedOnToolsVersion = 6.1.1;
					};
					297329E41AD06911003FCE03 = {
						CreatedOnToolsVersion = 6.1.1;
						TestTargetID = 297329CF1AD06911003FCE03;
					};
				};
			};
			buildConfigurationList = 297329CB1AD06911003FCE03 /* Build configuration list for PBXProject "tipcalculator-swift" */;
			compatibilityVersion = "Xcode 3.2";
			developmentRegion = English;
			hasScannedForEncodings = 0;
			knownRegions = (
				en,
				Base,
			);
			mainGroup = 297329C71AD06910003FCE03;
			productRefGroup = 297329D11AD06911003FCE03 /* Products */;
			projectDirPath = "";
			projectRoot = "";
			targets = (
				297329CF1AD06911003FCE03 /* tipcalculator-swift */,
				297329E41AD06911003FCE03 /* tipcalculator-swiftTests */,
			);
		};
/* End PBXProject section */

/* Begin PBXResourcesBuildPhase section */
		297329CE1AD06911003FCE03 /* Resources */ = {
			isa = PBXResourcesBuildPhase;
			buildActionMask = 2147483647;
			files = (
				297329DB1AD06911003FCE03 /* Main.storyboard in Resources */,
				297329E01AD06911003FCE03 /* LaunchScreen.xib in Resources */,
				297329DD1AD06911003FCE03 /* Images.xcassets in Resources */,
			);
			runOnlyForDeploymentPostprocessing = 0;
		};
		297329E31AD06911003FCE03 /* Resources */ = {
			isa = PBXResourcesBuildPhase;
			buildActionMask = 2147483647;
			files = (
			);
			runOnlyForDeploymentPostprocessing = 0;
		};
/* End PBXResourcesBuildPhase section */

/* Begin PBXSourcesBuildPhase section */
		297329CC1AD06911003FCE03 /* Sources */ = {
			isa = PBXSourcesBuildPhase;
			buildActionMask = 2147483647;
			files = (
				29296B921B7B00FA00173453 /* SettingsTableViewController.swift in Sources */,
				297329D81AD06911003FCE03 /* ViewController.swift in Sources */,
				29B36F4D1AD11E1000166CB0 /* UserViewController.swift in Sources */,
				297329D61AD06911003FCE03 /* AppDelegate.swift in Sources */,
			);
			runOnlyForDeploymentPostprocessing = 0;
		};
		297329E11AD06911003FCE03 /* Sources */ = {
			isa = PBXSourcesBuildPhase;
			buildActionMask = 2147483647;
			files = (
				297329EC1AD06911003FCE03 /* tipcalculator_swiftTests.swift in Sources */,
			);
			runOnlyForDeploymentPostprocessing = 0;
		};
/* End PBXSourcesBuildPhase section */

/* Begin PBXTargetDependency section */
		297329E71AD06911003FCE03 /* PBXTargetDependency */ = {
			isa = PBXTargetDependency;
			target = 297329CF1AD06911003FCE03 /* tipcalculator-swift */;
			targetProxy = 297329E61AD06911003FCE03 /* PBXContainerItemProxy */;
		};
/* End PBXTargetDependency section */

/* Begin PBXVariantGroup section */
		297329D91AD06911003FCE03 /* Main.storyboard */ = {
			isa = PBXVariantGroup;
			children = (
				297329DA1AD06911003FCE03 /* Base */,
			);
			name = Main.storyboard;
			sourceTree = "<group>";
		};
		297329DE1AD06911003FCE03 /* LaunchScreen.xib */ = {
			isa = PBXVariantGroup;
			children = (
				297329DF1AD06911003FCE03 /* Base */,
			);
			name = LaunchScreen.xib;
			sourceTree = "<group>";
		};
/* End PBXVariantGroup section */

/* Begin XCBuildConfiguration section */
		297329ED1AD06911003FCE03 /* Debug */ = {
			isa = XCBuildConfiguration;
			buildSettings = {
				ALWAYS_SEARCH_USER_PATHS = NO;
				CLANG_CXX_LANGUAGE_STANDARD = "gnu++0x";
				CLANG_CXX_LIBRARY = "libc++";
				CLANG_ENABLE_MODULES = YES;
				CLANG_ENABLE_OBJC_ARC = YES;
				CLANG_WARN_BOOL_CONVERSION = YES;
				CLANG_WARN_CONSTANT_CONVERSION = YES;
				CLANG_WARN_DIRECT_OBJC_ISA_USAGE = YES_ERROR;
				CLANG_WARN_EMPTY_BODY = YES;
				CLANG_WARN_ENUM_CONVERSION = YES;
				CLANG_WARN_INT_CONVERSION = YES;
				CLANG_WARN_OBJC_ROOT_CLASS = YES_ERROR;
				CLANG_WARN_UNREACHABLE_CODE = YES;
				CLANG_WARN__DUPLICATE_METHOD_MATCH = YES;
				"CODE_SIGN_IDENTITY[sdk=iphoneos*]" = "iPhone Developer";
				COPY_PHASE_STRIP = NO;
				ENABLE_STRICT_OBJC_MSGSEND = YES;
				GCC_C_LANGUAGE_STANDARD = gnu99;
				GCC_DYNAMIC_NO_PIC = NO;
				GCC_OPTIMIZATION_LEVEL = 0;
				GCC_PREPROCESSOR_DEFINITIONS = (
					"DEBUG=1",
					"$(inherited)",
				);
				GCC_SYMBOLS_PRIVATE_EXTERN = NO;
				GCC_WARN_64_TO_32_BIT_CONVERSION = YES;
				GCC_WARN_ABOUT_RETURN_TYPE = YES_ERROR;
				GCC_WARN_UNDECLARED_SELECTOR = YES;
				GCC_WARN_UNINITIALIZED_AUTOS = YES_AGGRESSIVE;
				GCC_WARN_UNUSED_FUNCTION = YES;
				GCC_WARN_UNUSED_VARIABLE = YES;
				IPHONEOS_DEPLOYMENT_TARGET = 8.1;
				MTL_ENABLE_DEBUG_INFO = YES;
				ONLY_ACTIVE_ARCH = YES;
				SDKROOT = iphoneos;
				SWIFT_OPTIMIZATION_LEVEL = "-Onone";
				TARGETED_DEVICE_FAMILY = "1,2";
			};
			name = Debug;
		};
		297329EE1AD06911003FCE03 /* Release */ = {
			isa = XCBuildConfiguration;
			buildSettings = {
				ALWAYS_SEARCH_USER_PATHS = NO;
				CLANG_CXX_LANGUAGE_STANDARD = "gnu++0x";
				CLANG_CXX_LIBRARY = "libc++";
				CLANG_ENABLE_MODULES = YES;
				CLANG_ENABLE_OBJC_ARC = YES;
				CLANG_WARN_BOOL_CONVERSION = YES;
				CLANG_WARN_CONSTANT_CONVERSION = YES;
				CLANG_WARN_DIRECT_OBJC_ISA_USAGE = YES_ERROR;
				CLANG_WARN_EMPTY_BODY = YES;
				CLANG_WARN_ENUM_CONVERSION = YES;
				CLANG_WARN_INT_CONVERSION = YES;
				CLANG_WARN_OBJC_ROOT_CLASS = YES_ERROR;
				CLANG_WARN_UNREACHABLE_CODE = YES;
				CLANG_WARN__DUPLICATE_METHOD_MATCH = YES;
				"CODE_SIGN_IDENTITY[sdk=iphoneos*]" = "iPhone Developer";
				COPY_PHASE_STRIP = YES;
				ENABLE_NS_ASSERTIONS = NO;
				ENABLE_STRICT_OBJC_MSGSEND = YES;
				GCC_C_LANGUAGE_STANDARD = gnu99;
				GCC_WARN_64_TO_32_BIT_CONVERSION = YES;
				GCC_WARN_ABOUT_RETURN_TYPE = YES_ERROR;
				GCC_WARN_UNDECLARED_SELECTOR = YES;
				GCC_WARN_UNINITIALIZED_AUTOS = YES_AGGRESSIVE;
				GCC_WARN_UNUSED_FUNCTION = YES;
				GCC_WARN_UNUSED_VARIABLE = YES;
				IPHONEOS_DEPLOYMENT_TARGET = 8.1;
				MTL_ENABLE_DEBUG_INFO = NO;
				SDKROOT = iphoneos;
				TARGETED_DEVICE_FAMILY = "1,2";
				VALIDATE_PRODUCT = YES;
			};
			name = Release;
		};
		297329F01AD06911003FCE03 /* Debug */ = {
			isa = XCBuildConfiguration;
			buildSettings = {
				ASSETCATALOG_COMPILER_APPICON_NAME = AppIcon;
				CLANG_ENABLE_MODULES = YES;
				INFOPLIST_FILE = "tipcalculator-swift/Info.plist";
				IPHONEOS_DEPLOYMENT_TARGET = 7.0;
				LD_RUNPATH_SEARCH_PATHS = "$(inherited) @executable_path/Frameworks";
				PRODUCT_NAME = "$(TARGET_NAME)";
				SWIFT_OPTIMIZATION_LEVEL = "-Onone";
			};
			name = Debug;
		};
		297329F11AD06911003FCE03 /* Release */ = {
			isa = XCBuildConfiguration;
			buildSettings = {
				ASSETCATALOG_COMPILER_APPICON_NAME = AppIcon;
				CLANG_ENABLE_MODULES = YES;
				INFOPLIST_FILE = "tipcalculator-swift/Info.plist";
				IPHONEOS_DEPLOYMENT_TARGET = 7.0;
				LD_RUNPATH_SEARCH_PATHS = "$(inherited) @executable_path/Frameworks";
				PRODUCT_NAME = "$(TARGET_NAME)";
			};
			name = Release;
		};
		297329F31AD06911003FCE03 /* Debug */ = {
			isa = XCBuildConfiguration;
			buildSettings = {
				BUNDLE_LOADER = "$(TEST_HOST)";
				FRAMEWORK_SEARCH_PATHS = (
					"$(SDKROOT)/Developer/Library/Frameworks",
					"$(inherited)",
				);
				GCC_PREPROCESSOR_DEFINITIONS = (
					"DEBUG=1",
					"$(inherited)",
				);
				INFOPLIST_FILE = "tipcalculator-swiftTests/Info.plist";
				LD_RUNPATH_SEARCH_PATHS = "$(inherited) @executable_path/Frameworks @loader_path/Frameworks";
				PRODUCT_NAME = "$(TARGET_NAME)";
				TEST_HOST = "$(BUILT_PRODUCTS_DIR)/tipcalculator-swift.app/tipcalculator-swift";
			};
			name = Debug;
		};
		297329F41AD06911003FCE03 /* Release */ = {
			isa = XCBuildConfiguration;
			buildSettings = {
				BUNDLE_LOADER = "$(TEST_HOST)";
				FRAMEWORK_SEARCH_PATHS = (
					"$(SDKROOT)/Developer/Library/Frameworks",
					"$(inherited)",
				);
				INFOPLIST_FILE = "tipcalculator-swiftTests/Info.plist";
				LD_RUNPATH_SEARCH_PATHS = "$(inherited) @executable_path/Frameworks @loader_path/Frameworks";
				PRODUCT_NAME = "$(TARGET_NAME)";
				TEST_HOST = "$(BUILT_PRODUCTS_DIR)/tipcalculator-swift.app/tipcalculator-swift";
			};
			name = Release;
		};
/* End XCBuildConfiguration section */

/* Begin XCConfigurationList section */
		297329CB1AD06911003FCE03 /* Build configuration list for PBXProject "tipcalculator-swift" */ = {
			isa = XCConfigurationList;
			buildConfigurations = (
				297329ED1AD06911003FCE03 /* Debug */,
				297329EE1AD06911003FCE03 /* Release */,
			);
			defaultConfigurationIsVisible = 0;
			defaultConfigurationName = Release;
		};
		297329EF1AD06911003FCE03 /* Build configuration list for PBXNativeTarget "tipcalculator-swift" */ = {
			isa = XCConfigurationList;
			buildConfigurations = (
				297329F01AD06911003FCE03 /* Debug */,
				297329F11AD06911003FCE03 /* Release */,
			);
			defaultConfigurationIsVisible = 0;
			defaultConfigurationName = Release;
		};
		297329F21AD06911003FCE03 /* Build configuration list for PBXNativeTarget "tipcalculator-swiftTests" */ = {
			isa = XCConfigurationList;
			buildConfigurations = (
				297329F31AD06911003FCE03 /* Debug */,
				297329F41AD06911003FCE03 /* Release */,
			);
			defaultConfigurationIsVisible = 0;
			defaultConfigurationName = Release;
		};
/* End XCConfigurationList section */
	};
	rootObject = 297329C81AD06911003FCE03 /* Project object */;
}
